
Microsoft Visual Studio Solution File, Format Version 12.00
# Visual Studio Version 17
VisualStudioVersion = 17.8.34330.188
MinimumVisualStudioVersion = 10.0.40219.1
Project("{FAE04EC0-301F-11D3-BF4B-00C04F79EFBC}") = "MagicBricksWebAPI", "MagicBricksWebAPI\MagicBricksWebAPI.csproj", "{11BFF89B-7537-48F0-8970-66EEEAD13254}"
EndProject
Global
	GlobalSection(SolutionConfigurationPlatforms) = preSolution
		Debug|Any CPU = Debug|Any CPU
		Release|Any CPU = Release|Any CPU
	EndGlobalSection
	GlobalSection(ProjectConfigurationPlatforms) = postSolution
		{11BFF89B-7537-48F0-8970-66EEEAD13254}.Debug|Any CPU.ActiveCfg = Debug|Any CPU
		{11BFF89B-7537-48F0-8970-66EEEAD13254}.Debug|Any CPU.Build.0 = Debug|Any CPU
		{11BFF89B-7537-48F0-8970-66EEEAD13254}.Release|Any CPU.ActiveCfg = Release|Any CPU
		{11BFF89B-7537-48F0-8970-66EEEAD13254}.Release|Any CPU.Build.0 = Release|Any CPU
	EndGlobalSection
	GlobalSection(SolutionProperties) = preSolution
		HideSolutionNode = FALSE
	EndGlobalSection
	GlobalSection(ExtensibilityGlobals) = postSolution
		SolutionGuid = {74F8895B-158E-4C16-B06F-E71554DE9B05}
	EndGlobalSection
EndGlobal
